{
  "name": "process-migrator",
  "version": "0.9.8",
  "lockfileVersion": 1,
  "requires": true,
  "dependencies": {
    "@types/jquery": {
      "version": "3.3.2",
      "resolved": "https://registry.npmjs.org/@types/jquery/-/jquery-3.3.2.tgz",
      "integrity": "sha512-ByZwKSEqteAta4VrIalqGJZmMq9lWPD3H3f5Xs6RR8B7zQRDPGUtjoKBYNtKTz/7LgBEQMdlxVbbjQfUaEIItA=="
    },
    "@types/jqueryui": {
      "version": "1.12.2",
      "resolved": "https://registry.npmjs.org/@types/jqueryui/-/jqueryui-1.12.2.tgz",
      "integrity": "sha512-OZ3HZFxpyaoCgFO4qBliDS5QzeN+/X9Mr76VUD4L1TTOW0OYtnJl3bG4AfPI8Of7i0xgUA79Oo4KgteMnjllOQ==",
      "requires": {
        "@types/jquery": "*"
      }
    },
    "@types/knockout": {
      "version": "3.4.54",
      "resolved": "https://registry.npmjs.org/@types/knockout/-/knockout-3.4.54.tgz",
      "integrity": "sha512-X09cnOg6i0gDkaR54BZr3rbToDUousmG9Q7fpo0GKvaMkTbXACErVcc1JHWQIjdKCQGPB+E+qv1kHfD+xanWFQ=="
    },
    "@types/minimist": {
      "version": "1.2.0",
      "resolved": "https://witiq.pkgs.visualstudio.com/_packaging/processimportexport/npm/registry/@types/minimist/-/minimist-1.2.0.tgz",
      "integrity": "sha1-aaI6OtKcrwCX8G7aWbNh7i8GOfY=",
      "dev": true
    },
    "@types/mkdirp": {
      "version": "0.5.2",
      "resolved": "https://witiq.pkgs.visualstudio.com/_packaging/processimportexport/npm/registry/@types/mkdirp/-/mkdirp-0.5.2.tgz",
      "integrity": "sha512-U5icWpv7YnZYGsN4/cmh3WD2onMY0aJIiTE6+51TwJCttdHvtCYmkBNOobHlXwrJRL0nkH9jH4kD+1FAdMN4Tg==",
      "dev": true,
      "requires": {
        "@types/node": "*"
      }
    },
    "@types/mousetrap": {
      "version": "1.5.34",
      "resolved": "https://registry.npmjs.org/@types/mousetrap/-/mousetrap-1.5.34.tgz",
      "integrity": "sha512-a2yhRIADupQfOFM75v7GfcQQLUxU705+i/xcZ3N/3PK3Xdo31SUfuCUByWPGOHB1e38m7MxTx/D8FPVsJXZKJw=="
    },
    "@types/node": {
      "version": "8.10.15",
      "resolved": "https://registry.npmjs.org/@types/node/-/node-8.10.15.tgz",
      "integrity": "sha512-qNb+m5Cuj6YUMK7YFcvuSgcHCKfVg1uXAUOP91SWvAakZlZTzbGmJaBi99CgDWEAyfZo51NlUhXkuP5WtXsgjg==",
      "dev": true
    },
    "@types/q": {
      "version": "0.0.32",
      "resolved": "https://registry.npmjs.org/@types/q/-/q-0.0.32.tgz",
      "integrity": "sha1-vShOV8hPEyXacCur/IKlMoGQwMU="
    },
    "@types/react": {
      "version": "15.6.15",
      "resolved": "https://registry.npmjs.org/@types/react/-/react-15.6.15.tgz",
      "integrity": "sha512-LOHbyeKRNYLEotniN3DlRGrpXorXupvFSbKrNzc9dZ87uL+IJDbGYVerxKaG1jbnhuc7RhEWxlNmUVtYm3mtNg=="
    },
    "@types/requirejs": {
      "version": "2.1.31",
      "resolved": "https://registry.npmjs.org/@types/requirejs/-/requirejs-2.1.31.tgz",
      "integrity": "sha512-b2soeyuU76rMbcRJ4e0hEl0tbMhFwZeTC0VZnfuWlfGlk6BwWNsev6kFu/twKABPX29wkX84wU2o+cEJoXsiTw=="
    },
    "azure-devops-node-api": {
      "version": "6.6.0",
      "resolved": "https://registry.npmjs.org/azure-devops-node-api/-/azure-devops-node-api-6.6.0.tgz",
      "integrity": "sha512-fF3AI0dyVyJvd3ucSDIGtexlbK7uA2dH/uh1X5Ue9bsSQQcX1cYqXWS6I7IS5/TxSzs3A3d6IXRx8zstgNGXMA==",
      "requires": {
        "tunnel": "0.0.4",
        "typed-rest-client": "1.0.9",
        "underscore": "1.8.3"
      },
      "dependencies": {
        "typed-rest-client": {
          "version": "1.0.9",
          "resolved": "https://registry.npmjs.org/typed-rest-client/-/typed-rest-client-1.0.9.tgz",
          "integrity": "sha512-iOdwgmnP/tF6Qs+oY4iEtCf/3fnCDl7Gy9LGPJ4E3M4Wj3uaSko15FVwbsaBmnBqTJORnXBWVY5306D4HH8oiA==",
          "requires": {
            "tunnel": "0.0.4",
            "underscore": "1.8.3"
          }
        }
      }
    },
    "guid-typescript": {
      "version": "1.0.7",
      "resolved": "https://witiq.pkgs.visualstudio.com/_packaging/processimportexport/npm/registry/guid-typescript/-/guid-typescript-1.0.7.tgz",
      "integrity": "sha512-j1XPiaDUuNa0PO8EyGAikyKMpAnGbSDzr81UAzXz3H2xAoQW3c2hH8RS7Omo+DEgtD9emYdgJaxnfKZPYtDNRQ=="
    },
    "jsonc-parser": {
      "version": "2.0.0",
      "resolved": "https://registry.npmjs.org/jsonc-parser/-/jsonc-parser-2.0.0.tgz",
      "integrity": "sha512-gYk8VcFDwky0AjrKeJSWgCm/lYGteP9hszGWtgg67Elz4owvhJF9qATjuIRAk5jgBMGM65MPAc+I4RTeoqoykA=="
    },
    "minimist": {
      "version": "1.2.6",
      "resolved": "https://registry.npmjs.org/minimist/-/minimist-1.2.6.tgz",
      "integrity": "sha512-Jsjnk4bw3YJqYzbdyBiNsPWHPfO++UGG749Cxs6peCu5Xg4nrena6OVxOYxrQTqww0Jmwt+Ref8rggumkTLz9Q=="
    },
    "mkdirp": {
      "version": "1.0.4",
      "resolved": "https://registry.npmjs.org/mkdirp/-/mkdirp-1.0.4.tgz",
      "integrity": "sha512-vVqVZQyf3WLx2Shd0qJ9xuvqgAyKPLAiqITEtqW0oIUjzo3PePDd6fW9iFz30ef7Ysp/oiWqbhszeGWW2T6Gzw=="
    },
    "punycode": {
      "version": "1.3.2",
      "resolved": "https://registry.npmjs.org/punycode/-/punycode-1.3.2.tgz",
      "integrity": "sha1-llOgNvt8HuQjQvIyXM7v6jkmxI0="
    },
    "querystring": {
      "version": "0.2.0",
      "resolved": "https://registry.npmjs.org/querystring/-/querystring-0.2.0.tgz",
      "integrity": "sha1-sgmEkgO7Jd+CDadW50cAWHhSFiA="
    },
    "tunnel": {
      "version": "0.0.4",
      "resolved": "https://registry.npmjs.org/tunnel/-/tunnel-0.0.4.tgz",
      "integrity": "sha1-LTeFoVjBdMmhbcLARuxfxfF0IhM="
    },
    "typescript": {
      "version": "2.8.1",
      "resolved": "https://registry.npmjs.org/typescript/-/typescript-2.8.1.tgz",
      "integrity": "sha512-Ao/f6d/4EPLq0YwzsQz8iXflezpTkQzqAyenTiw4kCUGr1uPiFLC3+fZ+gMZz6eeI/qdRUqvC+HxIJzUAzEFdg==",
      "dev": true
    },
    "underscore": {
      "version": "1.8.3",
      "resolved": "https://registry.npmjs.org/underscore/-/underscore-1.8.3.tgz",
      "integrity": "sha1-Tz+1OxBuYJf8+ctBCfKl6b36UCI="
    },
    "url": {
      "version": "0.11.0",
      "resolved": "https://registry.npmjs.org/url/-/url-0.11.0.tgz",
      "integrity": "sha1-ODjpfPxgUh63PFJajlW/3Z4uKPE=",
      "requires": {
        "punycode": "1.3.2",
        "querystring": "0.2.0"
      }
    },
    "vss-web-extension-sdk": {
      "version": "5.131.0",
      "resolved": "https://registry.npmjs.org/vss-web-extension-sdk/-/vss-web-extension-sdk-5.131.0.tgz",
      "integrity": "sha512-iWJ3O4tzpRiPojYMmjqCh/IH3GptFTs1+Ahgbb/yXrueIggU85P0XpumtphIhUWsPan7mDlAYJHOMTHBgojc0Q==",
      "requires": {
        "@types/jquery": ">=2.0.48",
        "@types/jqueryui": ">=1.11.34",
        "@types/knockout": "^3.4.49",
        "@types/mousetrap": "~1.5.34",
        "@types/q": "0.0.32",
        "@types/react": "^15.6.12",
        "@types/requirejs": ">=2.1.28"
      }
    }
  }
}
