{
  "name": "process-import-export",
  "version": "0.9.0",
  "lockfileVersion": 1,
  "requires": true,
  "dependencies": {
    "@types/minimist": {
      "version": "1.2.0",
      "resolved": "https://witiq.pkgs.visualstudio.com/_packaging/processimportexport/npm/registry/@types/minimist/-/minimist-1.2.0.tgz",
      "integrity": "sha1-aaI6OtKcrwCX8G7aWbNh7i8GOfY=",
      "dev": true
    },
    "@types/mkdirp": {
      "version": "0.5.2",
      "resolved": "https://witiq.pkgs.visualstudio.com/_packaging/processimportexport/npm/registry/@types/mkdirp/-/mkdirp-0.5.2.tgz",
      "integrity": "sha512-U5icWpv7YnZYGsN4/cmh3WD2onMY0aJIiTE6+51TwJCttdHvtCYmkBNOobHlXwrJRL0nkH9jH4kD+1FAdMN4Tg==",
      "dev": true,
      "requires": {
        "@types/node": "8.10.15"
      }
    },
    "@types/node": {
      "version": "8.10.15",
      "resolved": "https://registry.npmjs.org/@types/node/-/node-8.10.15.tgz",
      "integrity": "sha512-qNb+m5Cuj6YUMK7YFcvuSgcHCKfVg1uXAUOP91SWvAakZlZTzbGmJaBi99CgDWEAyfZo51NlUhXkuP5WtXsgjg==",
      "dev": true
    },
    "guid-typescript": {
      "version": "1.0.7",
      "resolved": "https://witiq.pkgs.visualstudio.com/_packaging/processimportexport/npm/registry/guid-typescript/-/guid-typescript-1.0.7.tgz",
      "integrity": "sha512-j1XPiaDUuNa0PO8EyGAikyKMpAnGbSDzr81UAzXz3H2xAoQW3c2hH8RS7Omo+DEgtD9emYdgJaxnfKZPYtDNRQ=="
    },
    "minimist": {
      "version": "1.2.0",
      "resolved": "https://witiq.pkgs.visualstudio.com/_packaging/processimportexport/npm/registry/minimist/-/minimist-1.2.0.tgz",
      "integrity": "sha1-o1AIsg9BOD7sH7kU9M1d95omQoQ="
    },
    "mkdirp": {
      "version": "0.5.1",
      "resolved": "https://witiq.pkgs.visualstudio.com/_packaging/processimportexport/npm/registry/mkdirp/-/mkdirp-0.5.1.tgz",
      "integrity": "sha1-MAV0OOrGz3+MR2fzhkjWaX11yQM=",
      "requires": {
        "minimist": "0.0.8"
      },
      "dependencies": {
        "minimist": {
          "version": "0.0.8",
          "resolved": "https://witiq.pkgs.visualstudio.com/_packaging/processimportexport/npm/registry/minimist/-/minimist-0.0.8.tgz",
          "integrity": "sha1-hX/Kv8M5fSYluCKCYuhqp6ARsF0="
        }
      }
    },
    "tunnel": {
      "version": "0.0.4",
      "resolved": "https://registry.npmjs.org/tunnel/-/tunnel-0.0.4.tgz",
      "integrity": "sha1-LTeFoVjBdMmhbcLARuxfxfF0IhM="
    },
    "typed-rest-client": {
      "version": "0.12.0",
      "resolved": "https://registry.npmjs.org/typed-rest-client/-/typed-rest-client-0.12.0.tgz",
      "integrity": "sha1-Y3b1Un9CfaEh3K/f1+QeEyHgcgw=",
      "requires": {
        "tunnel": "0.0.4",
        "underscore": "1.8.3"
      }
    },
    "typescript": {
      "version": "2.8.1",
      "resolved": "https://registry.npmjs.org/typescript/-/typescript-2.8.1.tgz",
      "integrity": "sha512-Ao/f6d/4EPLq0YwzsQz8iXflezpTkQzqAyenTiw4kCUGr1uPiFLC3+fZ+gMZz6eeI/qdRUqvC+HxIJzUAzEFdg==",
      "dev": true
    },
    "underscore": {
      "version": "1.8.3",
      "resolved": "https://registry.npmjs.org/underscore/-/underscore-1.8.3.tgz",
      "integrity": "sha1-Tz+1OxBuYJf8+ctBCfKl6b36UCI="
    },
    "vso-node-api": {
      "version": "6.5.0",
      "resolved": "https://witiq.pkgs.visualstudio.com/_packaging/processimportexport/npm/registry/vso-node-api/-/vso-node-api-6.5.0.tgz",
      "integrity": "sha512-hFjPLMJkq02zF8U+LhZ4airH0ivaiKzGdlNAQlYFB3lWuGH/UANUrl63DVPUQOyGw+7ZNQ+ufM44T6mWN92xyg==",
      "requires": {
        "tunnel": "0.0.4",
        "typed-rest-client": "0.12.0",
        "underscore": "1.8.3"
      }
    }
  }
}
